
Microsoft Visual Studio Solution File, Format Version 12.00
# Visual Studio Version 16
VisualStudioVersion = 16.0.32630.194
MinimumVisualStudioVersion = 10.0.40219.1
Project("{FAE04EC0-301F-11D3-BF4B-00C04F79EFBC}") = "BaseLab3", "BaseLab3\BaseLab3.csproj", "{A5D1DB3B-6A74-4591-8D4C-7462FCA9EC52}"
EndProject
Project("{FAE04EC0-301F-11D3-BF4B-00C04F79EFBC}") = "BaseLab3.3", "BaseLab3.3\BaseLab3.3.csproj", "{AA242CF4-3494-4AB8-8DCA-81068AD3F02D}"
EndProject
Global
	GlobalSection(SolutionConfigurationPlatforms) = preSolution
		Debug|Any CPU = Debug|Any CPU
		Release|Any CPU = Release|Any CPU
	EndGlobalSection
	GlobalSection(ProjectConfigurationPlatforms) = postSolution
		{A5D1DB3B-6A74-4591-8D4C-7462FCA9EC52}.Debug|Any CPU.ActiveCfg = Debug|Any CPU
		{A5D1DB3B-6A74-4591-8D4C-7462FCA9EC52}.Debug|Any CPU.Build.0 = Debug|Any CPU
		{A5D1DB3B-6A74-4591-8D4C-7462FCA9EC52}.Release|Any CPU.ActiveCfg = Release|Any CPU
		{A5D1DB3B-6A74-4591-8D4C-7462FCA9EC52}.Release|Any CPU.Build.0 = Release|Any CPU
		{AA242CF4-3494-4AB8-8DCA-81068AD3F02D}.Debug|Any CPU.ActiveCfg = Debug|Any CPU
		{AA242CF4-3494-4AB8-8DCA-81068AD3F02D}.Debug|Any CPU.Build.0 = Debug|Any CPU
		{AA242CF4-3494-4AB8-8DCA-81068AD3F02D}.Release|Any CPU.ActiveCfg = Release|Any CPU
		{AA242CF4-3494-4AB8-8DCA-81068AD3F02D}.Release|Any CPU.Build.0 = Release|Any CPU
	EndGlobalSection
	GlobalSection(SolutionProperties) = preSolution
		HideSolutionNode = FALSE
	EndGlobalSection
	GlobalSection(ExtensibilityGlobals) = postSolution
		SolutionGuid = {D4A08155-B0F2-41EA-A3D9-6FA07FA0DF45}
	EndGlobalSection
EndGlobal
